
Microsoft Visual Studio Solution File, Format Version 12.00
# Visual Studio 15
VisualStudioVersion = 15.0.25807.0
MinimumVisualStudioVersion = 10.0.40219.1
Project("{2150E333-8FDC-42A3-9474-1A3956D46DE8}") = "Engine", "Engine", "{E9BA96DB-6272-45C6-AA0A-B445B9A74D18}"
EndProject
Project("{2150E333-8FDC-42A3-9474-1A3956D46DE8}") = "Games", "Games", "{D35579EA-8B47-4C86-9503-060ADA7B8F57}"
EndProject
Project("{8BC9CEB8-8B4A-11D0-8D11-00A0C91BC942}") = "UE4", "Intermediate\ProjectFiles\UE4.vcxproj", "{11032DFE-F747-449C-952A-CAA9C08A247E}"
EndProject
Project("{8BC9CEB8-8B4A-11D0-8D11-00A0C91BC942}") = "BuildingEscape", "Intermediate\ProjectFiles\BuildingEscape.vcxproj", "{A4A58207-35BA-44F1-B951-A76C3EA2A46B}"
EndProject
Global
	GlobalSection(SolutionConfigurationPlatforms) = preSolution
		DebugGame Editor|HTML5 = DebugGame Editor|HTML5
		DebugGame Editor|IOS = DebugGame Editor|IOS
		DebugGame Editor|Win32 = DebugGame Editor|Win32
		DebugGame Editor|Win64 = DebugGame Editor|Win64
		DebugGame|HTML5 = DebugGame|HTML5
		DebugGame|IOS = DebugGame|IOS
		DebugGame|Win32 = DebugGame|Win32
		DebugGame|Win64 = DebugGame|Win64
		Development Editor|HTML5 = Development Editor|HTML5
		Development Editor|IOS = Development Editor|IOS
		Development Editor|Win32 = Development Editor|Win32
		Development Editor|Win64 = Development Editor|Win64
		Development|HTML5 = Development|HTML5
		Development|IOS = Development|IOS
		Development|Win32 = Development|Win32
		Development|Win64 = Development|Win64
		Shipping|HTML5 = Shipping|HTML5
		Shipping|IOS = Shipping|IOS
		Shipping|Win32 = Shipping|Win32
		Shipping|Win64 = Shipping|Win64
	EndGlobalSection
	GlobalSection(ProjectConfigurationPlatforms) = postSolution
		{11032DFE-F747-449C-952A-CAA9C08A247E}.DebugGame Editor|HTML5.ActiveCfg = BuiltWithUnrealBuildTool|Win32
		{11032DFE-F747-449C-952A-CAA9C08A247E}.DebugGame Editor|HTML5.Build.0 = BuiltWithUnrealBuildTool|Win32
		{11032DFE-F747-449C-952A-CAA9C08A247E}.DebugGame Editor|IOS.ActiveCfg = BuiltWithUnrealBuildTool|Win32
		{11032DFE-F747-449C-952A-CAA9C08A247E}.DebugGame Editor|IOS.Build.0 = BuiltWithUnrealBuildTool|Win32
		{11032DFE-F747-449C-952A-CAA9C08A247E}.DebugGame Editor|Win32.ActiveCfg = BuiltWithUnrealBuildTool|Win32
		{11032DFE-F747-449C-952A-CAA9C08A247E}.DebugGame Editor|Win32.Build.0 = BuiltWithUnrealBuildTool|Win32
		{11032DFE-F747-449C-952A-CAA9C08A247E}.DebugGame Editor|Win64.ActiveCfg = BuiltWithUnrealBuildTool|Win32
		{11032DFE-F747-449C-952A-CAA9C08A247E}.DebugGame Editor|Win64.Build.0 = BuiltWithUnrealBuildTool|Win32
		{11032DFE-F747-449C-952A-CAA9C08A247E}.DebugGame|HTML5.ActiveCfg = BuiltWithUnrealBuildTool|Win32
		{11032DFE-F747-449C-952A-CAA9C08A247E}.DebugGame|HTML5.Build.0 = BuiltWithUnrealBuildTool|Win32
		{11032DFE-F747-449C-952A-CAA9C08A247E}.DebugGame|IOS.ActiveCfg = BuiltWithUnrealBuildTool|Win32
		{11032DFE-F747-449C-952A-CAA9C08A247E}.DebugGame|IOS.Build.0 = BuiltWithUnrealBuildTool|Win32
		{11032DFE-F747-449C-952A-CAA9C08A247E}.DebugGame|Win32.ActiveCfg = BuiltWithUnrealBuildTool|Win32
		{11032DFE-F747-449C-952A-CAA9C08A247E}.DebugGame|Win32.Build.0 = BuiltWithUnrealBuildTool|Win32
		{11032DFE-F747-449C-952A-CAA9C08A247E}.DebugGame|Win64.ActiveCfg = BuiltWithUnrealBuildTool|Win32
		{11032DFE-F747-449C-952A-CAA9C08A247E}.DebugGame|Win64.Build.0 = BuiltWithUnrealBuildTool|Win32
		{11032DFE-F747-449C-952A-CAA9C08A247E}.Development Editor|HTML5.ActiveCfg = BuiltWithUnrealBuildTool|Win32
		{11032DFE-F747-449C-952A-CAA9C08A247E}.Development Editor|HTML5.Build.0 = BuiltWithUnrealBuildTool|Win32
		{11032DFE-F747-449C-952A-CAA9C08A247E}.Development Editor|IOS.ActiveCfg = BuiltWithUnrealBuildTool|Win32
		{11032DFE-F747-449C-952A-CAA9C08A247E}.Development Editor|IOS.Build.0 = BuiltWithUnrealBuildTool|Win32
		{11032DFE-F747-449C-952A-CAA9C08A247E}.Development Editor|Win32.ActiveCfg = BuiltWithUnrealBuildTool|Win32
		{11032DFE-F747-449C-952A-CAA9C08A247E}.Development Editor|Win32.Build.0 = BuiltWithUnrealBuildTool|Win32
		{11032DFE-F747-449C-952A-CAA9C08A247E}.Development Editor|Win64.ActiveCfg = BuiltWithUnrealBuildTool|Win32
		{11032DFE-F747-449C-952A-CAA9C08A247E}.Development Editor|Win64.Build.0 = BuiltWithUnrealBuildTool|Win32
		{11032DFE-F747-449C-952A-CAA9C08A247E}.Development|HTML5.ActiveCfg = BuiltWithUnrealBuildTool|Win32
		{11032DFE-F747-449C-952A-CAA9C08A247E}.Development|HTML5.Build.0 = BuiltWithUnrealBuildTool|Win32
		{11032DFE-F747-449C-952A-CAA9C08A247E}.Development|IOS.ActiveCfg = BuiltWithUnrealBuildTool|Win32
		{11032DFE-F747-449C-952A-CAA9C08A247E}.Development|IOS.Build.0 = BuiltWithUnrealBuildTool|Win32
		{11032DFE-F747-449C-952A-CAA9C08A247E}.Development|Win32.ActiveCfg = BuiltWithUnrealBuildTool|Win32
		{11032DFE-F747-449C-952A-CAA9C08A247E}.Development|Win32.Build.0 = BuiltWithUnrealBuildTool|Win32
		{11032DFE-F747-449C-952A-CAA9C08A247E}.Development|Win64.ActiveCfg = BuiltWithUnrealBuildTool|Win32
		{11032DFE-F747-449C-952A-CAA9C08A247E}.Development|Win64.Build.0 = BuiltWithUnrealBuildTool|Win32
		{11032DFE-F747-449C-952A-CAA9C08A247E}.Shipping|HTML5.ActiveCfg = BuiltWithUnrealBuildTool|Win32
		{11032DFE-F747-449C-952A-CAA9C08A247E}.Shipping|HTML5.Build.0 = BuiltWithUnrealBuildTool|Win32
		{11032DFE-F747-449C-952A-CAA9C08A247E}.Shipping|IOS.ActiveCfg = BuiltWithUnrealBuildTool|Win32
		{11032DFE-F747-449C-952A-CAA9C08A247E}.Shipping|IOS.Build.0 = BuiltWithUnrealBuildTool|Win32
		{11032DFE-F747-449C-952A-CAA9C08A247E}.Shipping|Win32.ActiveCfg = BuiltWithUnrealBuildTool|Win32
		{11032DFE-F747-449C-952A-CAA9C08A247E}.Shipping|Win32.Build.0 = BuiltWithUnrealBuildTool|Win32
		{11032DFE-F747-449C-952A-CAA9C08A247E}.Shipping|Win64.ActiveCfg = BuiltWithUnrealBuildTool|Win32
		{11032DFE-F747-449C-952A-CAA9C08A247E}.Shipping|Win64.Build.0 = BuiltWithUnrealBuildTool|Win32
		{A4A58207-35BA-44F1-B951-A76C3EA2A46B}.DebugGame Editor|HTML5.ActiveCfg = HTML5_DebugGame_Editor|Win32
		{A4A58207-35BA-44F1-B951-A76C3EA2A46B}.DebugGame Editor|IOS.ActiveCfg = IOS_DebugGame_Editor|Win32
		{A4A58207-35BA-44F1-B951-A76C3EA2A46B}.DebugGame Editor|Win32.ActiveCfg = DebugGame_Editor|Win32
		{A4A58207-35BA-44F1-B951-A76C3EA2A46B}.DebugGame Editor|Win64.ActiveCfg = DebugGame_Editor|x64
		{A4A58207-35BA-44F1-B951-A76C3EA2A46B}.DebugGame Editor|Win64.Build.0 = DebugGame_Editor|x64
		{A4A58207-35BA-44F1-B951-A76C3EA2A46B}.DebugGame|HTML5.ActiveCfg = HTML5_DebugGame_Game|Win32
		{A4A58207-35BA-44F1-B951-A76C3EA2A46B}.DebugGame|HTML5.Build.0 = HTML5_DebugGame_Game|Win32
		{A4A58207-35BA-44F1-B951-A76C3EA2A46B}.DebugGame|IOS.ActiveCfg = IOS_DebugGame_Game|Win32
		{A4A58207-35BA-44F1-B951-A76C3EA2A46B}.DebugGame|IOS.Build.0 = IOS_DebugGame_Game|Win32
		{A4A58207-35BA-44F1-B951-A76C3EA2A46B}.DebugGame|Win32.ActiveCfg = DebugGame_Game|Win32
		{A4A58207-35BA-44F1-B951-A76C3EA2A46B}.DebugGame|Win32.Build.0 = DebugGame_Game|Win32
		{A4A58207-35BA-44F1-B951-A76C3EA2A46B}.DebugGame|Win64.ActiveCfg = DebugGame_Game|x64
		{A4A58207-35BA-44F1-B951-A76C3EA2A46B}.DebugGame|Win64.Build.0 = DebugGame_Game|x64
		{A4A58207-35BA-44F1-B951-A76C3EA2A46B}.Development Editor|HTML5.ActiveCfg = HTML5_Development_Editor|Win32
		{A4A58207-35BA-44F1-B951-A76C3EA2A46B}.Development Editor|IOS.ActiveCfg = IOS_Development_Editor|Win32
		{A4A58207-35BA-44F1-B951-A76C3EA2A46B}.Development Editor|Win32.ActiveCfg = Development_Editor|Win32
		{A4A58207-35BA-44F1-B951-A76C3EA2A46B}.Development Editor|Win64.ActiveCfg = Development_Editor|x64
		{A4A58207-35BA-44F1-B951-A76C3EA2A46B}.Development Editor|Win64.Build.0 = Development_Editor|x64
		{A4A58207-35BA-44F1-B951-A76C3EA2A46B}.Development|HTML5.ActiveCfg = HTML5_Development_Game|Win32
		{A4A58207-35BA-44F1-B951-A76C3EA2A46B}.Development|HTML5.Build.0 = HTML5_Development_Game|Win32
		{A4A58207-35BA-44F1-B951-A76C3EA2A46B}.Development|IOS.ActiveCfg = IOS_Development_Game|Win32
		{A4A58207-35BA-44F1-B951-A76C3EA2A46B}.Development|IOS.Build.0 = IOS_Development_Game|Win32
		{A4A58207-35BA-44F1-B951-A76C3EA2A46B}.Development|Win32.ActiveCfg = Development_Game|Win32
		{A4A58207-35BA-44F1-B951-A76C3EA2A46B}.Development|Win32.Build.0 = Development_Game|Win32
		{A4A58207-35BA-44F1-B951-A76C3EA2A46B}.Development|Win64.ActiveCfg = Development_Game|x64
		{A4A58207-35BA-44F1-B951-A76C3EA2A46B}.Development|Win64.Build.0 = Development_Game|x64
		{A4A58207-35BA-44F1-B951-A76C3EA2A46B}.Shipping|HTML5.ActiveCfg = HTML5_Shipping_Game|Win32
		{A4A58207-35BA-44F1-B951-A76C3EA2A46B}.Shipping|HTML5.Build.0 = HTML5_Shipping_Game|Win32
		{A4A58207-35BA-44F1-B951-A76C3EA2A46B}.Shipping|IOS.ActiveCfg = IOS_Shipping_Game|Win32
		{A4A58207-35BA-44F1-B951-A76C3EA2A46B}.Shipping|IOS.Build.0 = IOS_Shipping_Game|Win32
		{A4A58207-35BA-44F1-B951-A76C3EA2A46B}.Shipping|Win32.ActiveCfg = Shipping_Game|Win32
		{A4A58207-35BA-44F1-B951-A76C3EA2A46B}.Shipping|Win32.Build.0 = Shipping_Game|Win32
		{A4A58207-35BA-44F1-B951-A76C3EA2A46B}.Shipping|Win64.ActiveCfg = Shipping_Game|x64
		{A4A58207-35BA-44F1-B951-A76C3EA2A46B}.Shipping|Win64.Build.0 = Shipping_Game|x64
	EndGlobalSection
	GlobalSection(SolutionProperties) = preSolution
		HideSolutionNode = FALSE
	EndGlobalSection
	GlobalSection(NestedProjects) = preSolution
		{11032DFE-F747-449C-952A-CAA9C08A247E} = {E9BA96DB-6272-45C6-AA0A-B445B9A74D18}
		{A4A58207-35BA-44F1-B951-A76C3EA2A46B} = {D35579EA-8B47-4C86-9503-060ADA7B8F57}
	EndGlobalSection
	GlobalSection(ExtensibilityGlobals) = postSolution
		SolutionGuid = {E9EFA888-AF78-468A-BD1B-AF54A2706C45}
	EndGlobalSection
EndGlobal
